
Microsoft Visual Studio Solution File, Format Version 12.00
# Visual Studio Version 16
VisualStudioVersion = 16.0.30907.101
MinimumVisualStudioVersion = 10.0.40219.1
Project("{8BC9CEB8-8B4A-11D0-8D11-00A0C91BC942}") = "MusalaSoftProject", "MusalaSoftProject\MusalaSoftProject.vcxproj", "{A9748AE5-EC39-4D97-8A57-2B7ED3C12318}"
EndProject
Project("{8BC9CEB8-8B4A-11D0-8D11-00A0C91BC942}") = "MusalaSoftProject-Unit-tests", "MusalaSoftProject-Unit-tests\MusalaSoftProject-Unit-tests.vcxproj", "{22CB17E1-B3ED-4B58-86E4-3A866F1A1523}"
EndProject
Global
	GlobalSection(SolutionConfigurationPlatforms) = preSolution
		Debug|x64 = Debug|x64
		Debug|x86 = Debug|x86
		Release|x64 = Release|x64
		Release|x86 = Release|x86
	EndGlobalSection
	GlobalSection(ProjectConfigurationPlatforms) = postSolution
		{A9748AE5-EC39-4D97-8A57-2B7ED3C12318}.Debug|x64.ActiveCfg = Debug|x64
		{A9748AE5-EC39-4D97-8A57-2B7ED3C12318}.Debug|x64.Build.0 = Debug|x64
		{A9748AE5-EC39-4D97-8A57-2B7ED3C12318}.Debug|x86.ActiveCfg = Debug|Win32
		{A9748AE5-EC39-4D97-8A57-2B7ED3C12318}.Debug|x86.Build.0 = Debug|Win32
		{A9748AE5-EC39-4D97-8A57-2B7ED3C12318}.Release|x64.ActiveCfg = Release|x64
		{A9748AE5-EC39-4D97-8A57-2B7ED3C12318}.Release|x64.Build.0 = Release|x64
		{A9748AE5-EC39-4D97-8A57-2B7ED3C12318}.Release|x86.ActiveCfg = Release|Win32
		{A9748AE5-EC39-4D97-8A57-2B7ED3C12318}.Release|x86.Build.0 = Release|Win32
		{22CB17E1-B3ED-4B58-86E4-3A866F1A1523}.Debug|x64.ActiveCfg = Debug|x64
		{22CB17E1-B3ED-4B58-86E4-3A866F1A1523}.Debug|x64.Build.0 = Debug|x64
		{22CB17E1-B3ED-4B58-86E4-3A866F1A1523}.Debug|x86.ActiveCfg = Debug|Win32
		{22CB17E1-B3ED-4B58-86E4-3A866F1A1523}.Debug|x86.Build.0 = Debug|Win32
		{22CB17E1-B3ED-4B58-86E4-3A866F1A1523}.Release|x64.ActiveCfg = Release|x64
		{22CB17E1-B3ED-4B58-86E4-3A866F1A1523}.Release|x64.Build.0 = Release|x64
		{22CB17E1-B3ED-4B58-86E4-3A866F1A1523}.Release|x86.ActiveCfg = Release|Win32
		{22CB17E1-B3ED-4B58-86E4-3A866F1A1523}.Release|x86.Build.0 = Release|Win32
	EndGlobalSection
	GlobalSection(SolutionProperties) = preSolution
		HideSolutionNode = FALSE
	EndGlobalSection
	GlobalSection(ExtensibilityGlobals) = postSolution
		SolutionGuid = {1A962369-0CE6-4B75-9690-82D7EED62F59}
	EndGlobalSection
EndGlobal
